
Microsoft Visual Studio Solution File, Format Version 12.00
# Visual Studio Version 17
VisualStudioVersion = 17.6.33723.286
MinimumVisualStudioVersion = 10.0.40219.1
Project("{FAE04EC0-301F-11D3-BF4B-00C04F79EFBC}") = "bandwith_v0.Server", "bandwith_v0\Server\bandwith_v0.Server.csproj", "{21AA76DE-05D2-4CF7-8813-DCAC0F08AC05}"
EndProject
Project("{FAE04EC0-301F-11D3-BF4B-00C04F79EFBC}") = "bandwith_v0.Client", "bandwith_v0\Client\bandwith_v0.Client.csproj", "{FA203E30-4FB8-4C66-AC4F-CFDECBF63432}"
EndProject
Project("{FAE04EC0-301F-11D3-BF4B-00C04F79EFBC}") = "bandwith_v0.Shared", "bandwith_v0\Shared\bandwith_v0.Shared.csproj", "{B774F8C0-5F22-47DA-80C8-A14AA2E18075}"
EndProject
Global
	GlobalSection(SolutionConfigurationPlatforms) = preSolution
		Debug|Any CPU = Debug|Any CPU
		Release|Any CPU = Release|Any CPU
	EndGlobalSection
	GlobalSection(ProjectConfigurationPlatforms) = postSolution
		{21AA76DE-05D2-4CF7-8813-DCAC0F08AC05}.Debug|Any CPU.ActiveCfg = Debug|Any CPU
		{21AA76DE-05D2-4CF7-8813-DCAC0F08AC05}.Debug|Any CPU.Build.0 = Debug|Any CPU
		{21AA76DE-05D2-4CF7-8813-DCAC0F08AC05}.Release|Any CPU.ActiveCfg = Release|Any CPU
		{21AA76DE-05D2-4CF7-8813-DCAC0F08AC05}.Release|Any CPU.Build.0 = Release|Any CPU
		{FA203E30-4FB8-4C66-AC4F-CFDECBF63432}.Debug|Any CPU.ActiveCfg = Debug|Any CPU
		{FA203E30-4FB8-4C66-AC4F-CFDECBF63432}.Debug|Any CPU.Build.0 = Debug|Any CPU
		{FA203E30-4FB8-4C66-AC4F-CFDECBF63432}.Release|Any CPU.ActiveCfg = Release|Any CPU
		{FA203E30-4FB8-4C66-AC4F-CFDECBF63432}.Release|Any CPU.Build.0 = Release|Any CPU
		{B774F8C0-5F22-47DA-80C8-A14AA2E18075}.Debug|Any CPU.ActiveCfg = Debug|Any CPU
		{B774F8C0-5F22-47DA-80C8-A14AA2E18075}.Debug|Any CPU.Build.0 = Debug|Any CPU
		{B774F8C0-5F22-47DA-80C8-A14AA2E18075}.Release|Any CPU.ActiveCfg = Release|Any CPU
		{B774F8C0-5F22-47DA-80C8-A14AA2E18075}.Release|Any CPU.Build.0 = Release|Any CPU
	EndGlobalSection
	GlobalSection(SolutionProperties) = preSolution
		HideSolutionNode = FALSE
	EndGlobalSection
	GlobalSection(ExtensibilityGlobals) = postSolution
		SolutionGuid = {C797DDF1-FA5C-43D5-B4CA-CF82E3AB6103}
	EndGlobalSection
EndGlobal
